<?xml version="1.0" encoding="utf-8"?>
<Project ToolsVersion="4.0" xmlns="http://schemas.microsoft.com/developer/msbuild/2003">
  <ItemGroup>
    <Filter Include="Исходные файлы">
      <UniqueIdentifier>{4FC737F1-C7A5-4376-A066-2A32D752A2FF}</UniqueIdentifier>
      <Extensions>cpp;c;cc;cxx;c++;cppm;ixx;def;odl;idl;hpj;bat;asm;asmx</Extensions>
    </Filter>
    <Filter Include="Файлы заголовков">
      <UniqueIdentifier>{93995380-89BD-4b04-88EB-625FBE52EBFB}</UniqueIdentifier>
      <Extensions>h;hh;hpp;hxx;h++;hm;inl;inc;ipp;xsd</Extensions>
    </Filter>
    <Filter Include="Файлы ресурсов">
      <UniqueIdentifier>{67DA6AB6-F800-4c08-8B7A-83BB121AAD01}</UniqueIdentifier>
      <Extensions>rc;ico;cur;bmp;dlg;rc2;rct;bin;rgs;gif;jpg;jpeg;jpe;resx;tiff;tif;png;wav;mfcribbon-ms</Extensions>
    </Filter>
    <Filter Include="Исходные файлы\Core">
      <UniqueIdentifier>{9181dd4d-6562-4b32-851c-f3cabafd0a43}</UniqueIdentifier>
    </Filter>
    <Filter Include="Исходные файлы\Scenes">
      <UniqueIdentifier>{3a8a6a95-e2c8-44bc-a151-8d139aa9f42d}</UniqueIdentifier>
    </Filter>
    <Filter Include="Исходные файлы\Graphics">
      <UniqueIdentifier>{b7325799-1c14-462c-a2c6-98c737ca2c10}</UniqueIdentifier>
    </Filter>
    <Filter Include="Исходные файлы\UI">
      <UniqueIdentifier>{53a1a28b-39f7-4ef5-86d5-3d5ad449b93c}</UniqueIdentifier>
    </Filter>
    <Filter Include="Исходные файлы\Factories">
      <UniqueIdentifier>{df951a83-ef21-48de-a868-759c0f857f37}</UniqueIdentifier>
    </Filter>
    <Filter Include="Исходные файлы\EventSystem">
      <UniqueIdentifier>{9febf550-4f4c-4dff-9ec4-d13e92071129}</UniqueIdentifier>
    </Filter>
    <Filter Include="Исходные файлы\Geometry">
      <UniqueIdentifier>{2b55caf1-0796-4c8e-a80a-b39920b9093f}</UniqueIdentifier>
    </Filter>
    <Filter Include="Исходные файлы\Network">
      <UniqueIdentifier>{93a1faf9-f11d-496e-bdfb-8862e5dd91f9}</UniqueIdentifier>
    </Filter>
    <Filter Include="Исходные файлы\Helpers">
      <UniqueIdentifier>{0ca89810-1577-4896-acc8-3b1760dd1992}</UniqueIdentifier>
    </Filter>
    <Filter Include="Исходные файлы\IO">
      <UniqueIdentifier>{fe544974-e95d-4e80-adb7-8618ef970b63}</UniqueIdentifier>
    </Filter>
    <Filter Include="Исходные файлы\Models">
      <UniqueIdentifier>{def584ce-26bc-4c7d-9b3f-8105a9418d0c}</UniqueIdentifier>
    </Filter>
    <Filter Include="Исходные файлы\Props">
      <UniqueIdentifier>{095fa46f-392a-45a9-8bc9-469851885958}</UniqueIdentifier>
    </Filter>
    <Filter Include="Исходные файлы\Camera">
      <UniqueIdentifier>{04f9ac8c-2b95-4854-a51b-2ad4fd6e5b19}</UniqueIdentifier>
    </Filter>
    <Filter Include="Исходные файлы\Character">
      <UniqueIdentifier>{c65918a0-edc4-4ac5-a268-38e85d447a31}</UniqueIdentifier>
    </Filter>
    <Filter Include="Исходные файлы\Vendor">
      <UniqueIdentifier>{e4756fee-c2af-442c-ad2a-7a1cb9ce4cbd}</UniqueIdentifier>
    </Filter>
  </ItemGroup>
  <ItemGroup>
    <ClCompile Include="main.cpp">
      <Filter>Исходные файлы</Filter>
    </ClCompile>
    <ClCompile Include="Core\Application.cpp">
      <Filter>Исходные файлы\Core</Filter>
    </ClCompile>
    <ClCompile Include="Core\GameSettings.cpp">
      <Filter>Исходные файлы\Core</Filter>
    </ClCompile>
    <ClCompile Include="Scenes\Scene.cpp">
      <Filter>Исходные файлы\Scenes</Filter>
    </ClCompile>
    <ClCompile Include="Scenes\SceneController.cpp">
      <Filter>Исходные файлы\Scenes</Filter>
    </ClCompile>
    <ClCompile Include="Scenes\MainMenu.cpp">
      <Filter>Исходные файлы\Scenes</Filter>
    </ClCompile>
    <ClCompile Include="Graphics\Tile.cpp">
      <Filter>Исходные файлы\Graphics</Filter>
    </ClCompile>
    <ClCompile Include="Graphics\TileMap.cpp">
      <Filter>Исходные файлы\Graphics</Filter>
    </ClCompile>
    <ClCompile Include="UI\Button.cpp">
      <Filter>Исходные файлы\UI</Filter>
    </ClCompile>
    <ClCompile Include="UI\Text.cpp">
      <Filter>Исходные файлы\UI</Filter>
    </ClCompile>
    <ClCompile Include="UI\Element.cpp">
      <Filter>Исходные файлы\UI</Filter>
    </ClCompile>
    <ClCompile Include="UI\Menu.cpp">
      <Filter>Исходные файлы\UI</Filter>
    </ClCompile>
    <ClCompile Include="Factories\MainMenuFactory.cpp">
      <Filter>Исходные файлы\Factories</Filter>
    </ClCompile>
    <ClCompile Include="Core\GameObject.cpp">
      <Filter>Исходные файлы\Core</Filter>
    </ClCompile>
    <ClCompile Include="EventSystem\EventController.cpp">
      <Filter>Исходные файлы\EventSystem</Filter>
    </ClCompile>
    <ClCompile Include="EventSystem\Event.cpp">
      <Filter>Исходные файлы\EventSystem</Filter>
    </ClCompile>
    <ClCompile Include="Geometry\Geometry.cpp">
      <Filter>Исходные файлы\Geometry</Filter>
    </ClCompile>
    <ClCompile Include="Network\Auth.cpp">
      <Filter>Исходные файлы\Network</Filter>
    </ClCompile>
    <ClCompile Include="Scenes\LoginMenu.cpp">
      <Filter>Исходные файлы\Scenes</Filter>
    </ClCompile>
    <ClCompile Include="Factories\LoginMenuFactory.cpp">
      <Filter>Исходные файлы\Factories</Filter>
    </ClCompile>
    <ClCompile Include="UI\TextBox.cpp">
      <Filter>Исходные файлы\UI</Filter>
    </ClCompile>
    <ClCompile Include="Factories\TileFactory.cpp">
      <Filter>Исходные файлы\Factories</Filter>
    </ClCompile>
    <ClCompile Include="Core\Tag.cpp">
      <Filter>Исходные файлы\Core</Filter>
    </ClCompile>
    <ClCompile Include="Core\GameTags.cpp">
      <Filter>Исходные файлы\Core</Filter>
    </ClCompile>
    <ClCompile Include="Helpers\StringHelper.cpp">
      <Filter>Исходные файлы\Helpers</Filter>
    </ClCompile>
    <ClCompile Include="IO\Registry.cpp">
      <Filter>Исходные файлы\IO</Filter>
    </ClCompile>
    <ClCompile Include="IO\RegistryKey.cpp">
      <Filter>Исходные файлы\IO</Filter>
    </ClCompile>
    <ClCompile Include="Graphics\Sprite.cpp">
      <Filter>Исходные файлы\Graphics</Filter>
    </ClCompile>
    <ClCompile Include="Models\Model.cpp">
      <Filter>Исходные файлы\Models</Filter>
    </ClCompile>
    <ClCompile Include="Models\User.cpp">
      <Filter>Исходные файлы\Models</Filter>
    </ClCompile>
    <ClCompile Include="Network\HTTPClient.cpp">
      <Filter>Исходные файлы\Network</Filter>
    </ClCompile>
    <ClCompile Include="Graphics\TileAssociation.cpp">
      <Filter>Исходные файлы\Graphics</Filter>
    </ClCompile>
    <ClCompile Include="Scenes\Market.cpp">
      <Filter>Исходные файлы\Scenes</Filter>
    </ClCompile>
    <ClCompile Include="Factories\MarketFactory.cpp">
      <Filter>Исходные файлы\Factories</Filter>
    </ClCompile>
    <ClCompile Include="Props\Prop.cpp">
      <Filter>Исходные файлы\Props</Filter>
    </ClCompile>
    <ClCompile Include="Camera\Camera.cpp">
      <Filter>Исходные файлы\Camera</Filter>
    </ClCompile>
    <ClCompile Include="Characters\Character.cpp">
      <Filter>Исходные файлы\Character</Filter>
    </ClCompile>
    <ClCompile Include="Props\BlueTree.cpp">
      <Filter>Исходные файлы\Props</Filter>
    </ClCompile>
    <ClCompile Include="Props\RedTree.cpp">
      <Filter>Исходные файлы\Props</Filter>
    </ClCompile>
    <ClCompile Include="Props\WoodenHouse.cpp">
      <Filter>Исходные файлы\Props</Filter>
    </ClCompile>
    <ClCompile Include="Vendor\TinyXML\tinystr.cpp">
      <Filter>Исходные файлы\Vendor</Filter>
    </ClCompile>
    <ClCompile Include="Vendor\TinyXML\tinyxml.cpp">
      <Filter>Исходные файлы\Vendor</Filter>
    </ClCompile>
    <ClCompile Include="Vendor\TinyXML\tinyxmlerror.cpp">
      <Filter>Исходные файлы\Vendor</Filter>
    </ClCompile>
    <ClCompile Include="Vendor\TinyXML\tinyxmlparser.cpp">
      <Filter>Исходные файлы\Vendor</Filter>
    </ClCompile>
    <ClCompile Include="IO\SceneFile.cpp">
      <Filter>Исходные файлы\IO</Filter>
    </ClCompile>
    <ClCompile Include="Props\PropsMap.cpp">
      <Filter>Исходные файлы\Props</Filter>
    </ClCompile>
    <ClCompile Include="Props\PropController.cpp">
      <Filter>Исходные файлы\Props</Filter>
    </ClCompile>
    <ClCompile Include="Factories\PropFactory.cpp">
      <Filter>Исходные файлы\Factories</Filter>
    </ClCompile>
  </ItemGroup>
  <ItemGroup>
    <ClInclude Include="Core\Application.hpp">
      <Filter>Исходные файлы\Core</Filter>
    </ClInclude>
    <ClInclude Include="Core\GameSettings.hpp">
      <Filter>Исходные файлы\Core</Filter>
    </ClInclude>
    <ClInclude Include="Scenes\Scene.hpp">
      <Filter>Исходные файлы\Scenes</Filter>
    </ClInclude>
    <ClInclude Include="Scenes\SceneController.hpp">
      <Filter>Исходные файлы\Scenes</Filter>
    </ClInclude>
    <ClInclude Include="Scenes\MainMenu.hpp">
      <Filter>Исходные файлы\Scenes</Filter>
    </ClInclude>
    <ClInclude Include="Core\IDrawable.hpp">
      <Filter>Исходные файлы\Core</Filter>
    </ClInclude>
    <ClInclude Include="Graphics\Tile.hpp">
      <Filter>Исходные файлы\Graphics</Filter>
    </ClInclude>
    <ClInclude Include="Graphics\TileMap.hpp">
      <Filter>Исходные файлы\Graphics</Filter>
    </ClInclude>
    <ClInclude Include="UI\Button.hpp">
      <Filter>Исходные файлы\UI</Filter>
    </ClInclude>
    <ClInclude Include="UI\Text.hpp">
      <Filter>Исходные файлы\UI</Filter>
    </ClInclude>
    <ClInclude Include="UI\Element.hpp">
      <Filter>Исходные файлы\UI</Filter>
    </ClInclude>
    <ClInclude Include="UI\Menu.hpp">
      <Filter>Исходные файлы\UI</Filter>
    </ClInclude>
    <ClInclude Include="Factories\MainMenuFactory.hpp">
      <Filter>Исходные файлы\Factories</Filter>
    </ClInclude>
    <ClInclude Include="Core\GameObject.hpp">
      <Filter>Исходные файлы\Core</Filter>
    </ClInclude>
    <ClInclude Include="Core\ITransformable.hpp">
      <Filter>Исходные файлы\Core</Filter>
    </ClInclude>
    <ClInclude Include="EventSystem\EventController.hpp">
      <Filter>Исходные файлы\EventSystem</Filter>
    </ClInclude>
    <ClInclude Include="EventSystem\EventType.hpp">
      <Filter>Исходные файлы\EventSystem</Filter>
    </ClInclude>
    <ClInclude Include="EventSystem\Event.hpp">
      <Filter>Исходные файлы\EventSystem</Filter>
    </ClInclude>
    <ClInclude Include="Geometry\Geometry.hpp">
      <Filter>Исходные файлы\Geometry</Filter>
    </ClInclude>
    <ClInclude Include="Network\Auth.hpp">
      <Filter>Исходные файлы\Network</Filter>
    </ClInclude>
    <ClInclude Include="Scenes\LoginMenu.hpp">
      <Filter>Исходные файлы\Scenes</Filter>
    </ClInclude>
    <ClInclude Include="Factories\LoginMenuFactory.hpp">
      <Filter>Исходные файлы\Factories</Filter>
    </ClInclude>
    <ClInclude Include="UI\TextBox.hpp">
      <Filter>Исходные файлы\UI</Filter>
    </ClInclude>
    <ClInclude Include="Factories\TileFactory.hpp">
      <Filter>Исходные файлы\Factories</Filter>
    </ClInclude>
    <ClInclude Include="Core\Tag.hpp">
      <Filter>Исходные файлы\Core</Filter>
    </ClInclude>
    <ClInclude Include="Core\GameTags.hpp">
      <Filter>Исходные файлы\Core</Filter>
    </ClInclude>
    <ClInclude Include="UI\TextBoxType.hpp">
      <Filter>Исходные файлы\UI</Filter>
    </ClInclude>
    <ClInclude Include="Helpers\StringHelper.hpp">
      <Filter>Исходные файлы\Helpers</Filter>
    </ClInclude>
    <ClInclude Include="IO\Registry.hpp">
      <Filter>Исходные файлы\IO</Filter>
    </ClInclude>
    <ClInclude Include="IO\RegistryKey.hpp">
      <Filter>Исходные файлы\IO</Filter>
    </ClInclude>
    <ClInclude Include="Graphics\Sprite.hpp">
      <Filter>Исходные файлы\Graphics</Filter>
    </ClInclude>
    <ClInclude Include="Models\Model.hpp">
      <Filter>Исходные файлы\Models</Filter>
    </ClInclude>
    <ClInclude Include="Models\User.hpp">
      <Filter>Исходные файлы\Models</Filter>
    </ClInclude>
    <ClInclude Include="Network\HTTPClient.hpp">
      <Filter>Исходные файлы\Network</Filter>
    </ClInclude>
    <ClInclude Include="Graphics\TileAssociation.hpp">
      <Filter>Исходные файлы\Graphics</Filter>
    </ClInclude>
    <ClInclude Include="Scenes\Market.hpp">
      <Filter>Исходные файлы\Scenes</Filter>
    </ClInclude>
    <ClInclude Include="Factories\MarketFactory.hpp">
      <Filter>Исходные файлы\Factories</Filter>
    </ClInclude>
    <ClInclude Include="Props\Prop.hpp">
      <Filter>Исходные файлы\Props</Filter>
    </ClInclude>
    <ClInclude Include="Camera\Camera.hpp">
      <Filter>Исходные файлы\Camera</Filter>
    </ClInclude>
    <ClInclude Include="Characters\Character.hpp">
      <Filter>Исходные файлы\Character</Filter>
    </ClInclude>
    <ClInclude Include="Props\BlueTree.hpp">
      <Filter>Исходные файлы\Props</Filter>
    </ClInclude>
    <ClInclude Include="Props\RedTree.hpp">
      <Filter>Исходные файлы\Props</Filter>
    </ClInclude>
    <ClInclude Include="Props\WoodenHouse.hpp">
      <Filter>Исходные файлы\Props</Filter>
    </ClInclude>
    <ClInclude Include="Vendor\TinyXML\tinystr.h">
      <Filter>Исходные файлы\Vendor</Filter>
    </ClInclude>
    <ClInclude Include="Vendor\TinyXML\tinyxml.h">
      <Filter>Исходные файлы\Vendor</Filter>
    </ClInclude>
    <ClInclude Include="IO\SceneFile.hpp">
      <Filter>Исходные файлы\IO</Filter>
    </ClInclude>
    <ClInclude Include="Props\Includes.hpp">
      <Filter>Исходные файлы\Props</Filter>
    </ClInclude>
    <ClInclude Include="Props\PropsMap.hpp">
      <Filter>Исходные файлы\Props</Filter>
    </ClInclude>
    <ClInclude Include="Props\PropController.hpp">
      <Filter>Исходные файлы\Props</Filter>
    </ClInclude>
    <ClInclude Include="Factories\PropFactory.hpp">
      <Filter>Исходные файлы\Factories</Filter>
    </ClInclude>
  </ItemGroup>
</Project>